
Microsoft Visual Studio Solution File, Format Version 12.00
# Visual Studio 14
VisualStudioVersion = 14.0.25420.1
MinimumVisualStudioVersion = 10.0.40219.1
Project("{FAE04EC0-301F-11D3-BF4B-00C04F79EFBC}") = "StrangeSoft.WildStar.Archive", "StrangeSoft.WildStar.Archive\StrangeSoft.WildStar.Archive.csproj", "{67093B6E-AD3A-4760-BA79-1238232BAD9E}"
EndProject
Project("{FAE04EC0-301F-11D3-BF4B-00C04F79EFBC}") = "LibDebugShim", "LibDebugShim\LibDebugShim.csproj", "{1267447A-1EC3-4AFC-9C83-BBAF5CBDD55E}"
EndProject
Project("{2150E333-8FDC-42A3-9474-1A3956D46DE8}") = "Solution Items", "Solution Items", "{69D38815-7749-4ABA-B853-4F0F63FA808B}"
	ProjectSection(SolutionItems) = preProject
		Performance1.psess = Performance1.psess
		SharpCompress.Unsigned.dll = SharpCompress.Unsigned.dll
	EndProjectSection
EndProject
Global
	GlobalSection(SolutionConfigurationPlatforms) = preSolution
		Debug|Any CPU = Debug|Any CPU
		Release|Any CPU = Release|Any CPU
	EndGlobalSection
	GlobalSection(ProjectConfigurationPlatforms) = postSolution
		{67093B6E-AD3A-4760-BA79-1238232BAD9E}.Debug|Any CPU.ActiveCfg = Debug|Any CPU
		{67093B6E-AD3A-4760-BA79-1238232BAD9E}.Debug|Any CPU.Build.0 = Debug|Any CPU
		{67093B6E-AD3A-4760-BA79-1238232BAD9E}.Release|Any CPU.ActiveCfg = Release|Any CPU
		{67093B6E-AD3A-4760-BA79-1238232BAD9E}.Release|Any CPU.Build.0 = Release|Any CPU
		{1267447A-1EC3-4AFC-9C83-BBAF5CBDD55E}.Debug|Any CPU.ActiveCfg = Debug|Any CPU
		{1267447A-1EC3-4AFC-9C83-BBAF5CBDD55E}.Debug|Any CPU.Build.0 = Debug|Any CPU
		{1267447A-1EC3-4AFC-9C83-BBAF5CBDD55E}.Release|Any CPU.ActiveCfg = Release|Any CPU
		{1267447A-1EC3-4AFC-9C83-BBAF5CBDD55E}.Release|Any CPU.Build.0 = Release|Any CPU
	EndGlobalSection
	GlobalSection(SolutionProperties) = preSolution
		HideSolutionNode = FALSE
	EndGlobalSection
EndGlobal
